
Microsoft Visual Studio Solution File, Format Version 12.00
# Visual Studio Version 17
VisualStudioVersion = 17.11.35327.3
MinimumVisualStudioVersion = 10.0.40219.1
Project("{FAE04EC0-301F-11D3-BF4B-00C04F79EFBC}") = "LojaABC", "LojaABC\LojaABC.csproj", "{92C6F15B-5F45-4319-AB64-55DE53FD5414}"
EndProject
Project("{FAE04EC0-301F-11D3-BF4B-00C04F79EFBC}") = "Componente", "Componente\Componente.csproj", "{2CC2F9AD-B67C-4CC3-B02F-768C378706E4}"
EndProject
Project("{FAE04EC0-301F-11D3-BF4B-00C04F79EFBC}") = "Calculadora", "Calculadora\Calculadora.csproj", "{AA25534F-0BB4-429F-9733-8BC54E5DAD17}"
EndProject
Global
	GlobalSection(SolutionConfigurationPlatforms) = preSolution
		Debug|Any CPU = Debug|Any CPU
		Release|Any CPU = Release|Any CPU
	EndGlobalSection
	GlobalSection(ProjectConfigurationPlatforms) = postSolution
		{92C6F15B-5F45-4319-AB64-55DE53FD5414}.Debug|Any CPU.ActiveCfg = Debug|Any CPU
		{92C6F15B-5F45-4319-AB64-55DE53FD5414}.Debug|Any CPU.Build.0 = Debug|Any CPU
		{92C6F15B-5F45-4319-AB64-55DE53FD5414}.Release|Any CPU.ActiveCfg = Release|Any CPU
		{92C6F15B-5F45-4319-AB64-55DE53FD5414}.Release|Any CPU.Build.0 = Release|Any CPU
		{2CC2F9AD-B67C-4CC3-B02F-768C378706E4}.Debug|Any CPU.ActiveCfg = Debug|Any CPU
		{2CC2F9AD-B67C-4CC3-B02F-768C378706E4}.Debug|Any CPU.Build.0 = Debug|Any CPU
		{2CC2F9AD-B67C-4CC3-B02F-768C378706E4}.Release|Any CPU.ActiveCfg = Release|Any CPU
		{2CC2F9AD-B67C-4CC3-B02F-768C378706E4}.Release|Any CPU.Build.0 = Release|Any CPU
		{AA25534F-0BB4-429F-9733-8BC54E5DAD17}.Debug|Any CPU.ActiveCfg = Debug|Any CPU
		{AA25534F-0BB4-429F-9733-8BC54E5DAD17}.Debug|Any CPU.Build.0 = Debug|Any CPU
		{AA25534F-0BB4-429F-9733-8BC54E5DAD17}.Release|Any CPU.ActiveCfg = Release|Any CPU
		{AA25534F-0BB4-429F-9733-8BC54E5DAD17}.Release|Any CPU.Build.0 = Release|Any CPU
	EndGlobalSection
	GlobalSection(SolutionProperties) = preSolution
		HideSolutionNode = FALSE
	EndGlobalSection
	GlobalSection(ExtensibilityGlobals) = postSolution
		SolutionGuid = {B55AEB46-2597-4167-AD60-37E572A667E8}
	EndGlobalSection
EndGlobal
